PODS:
  - EncryptedCoreData (3.1):
    - SQLCipher (~> 3.4.0)
  - SQLCipher (3.4.2):
    - SQLCipher/standard (= 3.4.2)
  - SQLCipher/common (3.4.2)
  - SQLCipher/standard (3.4.2):
    - SQLCipher/common

DEPENDENCIES:
  - EncryptedCoreData (from `https://github.com/project-imas/encrypted-core-data.git`)

SPEC REPOS:
  https://github.com/cocoapods/specs.git:
    - SQLCipher

EXTERNAL SOURCES:
  EncryptedCoreData:
    :git: https://github.com/project-imas/encrypted-core-data.git

CHECKOUT OPTIONS:
  EncryptedCoreData:
    :commit: b97ffaf2f19dad4d1558bc9b0668cc2e09d17347
    :git: https://github.com/project-imas/encrypted-core-data.git

SPEC CHECKSUMS:
  EncryptedCoreData: f6762fb05f88a52f36c5648659abc91b57f244b4
  SQLCipher: f9fcf29b2e59ced7defc2a2bdd0ebe79b40d4990

PODFILE CHECKSUM: dba0d95d178b2e4087af02c3ec2b16a69fdfc2d2

COCOAPODS: 1.7.5
